
Microsoft Visual Studio Solution File, Format Version 12.00
# Visual Studio 2013
VisualStudioVersion = 12.0.21005.1
MinimumVisualStudioVersion = 10.0.40219.1
Project("{8BC9CEB8-8B4A-11D0-8D11-00A0C91BC942}") = "用双栈实现一个队列", "用双栈实现一个队列\用双栈实现一个队列.vcxproj", "{7464188A-E641-4B9F-B77D-34B32C8D7A16}"
EndProject
Global
	GlobalSection(SolutionConfigurationPlatforms) = preSolution
		Debug|Win32 = Debug|Win32
		Release|Win32 = Release|Win32
	EndGlobalSection
	GlobalSection(ProjectConfigurationPlatforms) = postSolution
		{7464188A-E641-4B9F-B77D-34B32C8D7A16}.Debug|Win32.ActiveCfg = Debug|Win32
		{7464188A-E641-4B9F-B77D-34B32C8D7A16}.Debug|Win32.Build.0 = Debug|Win32
		{7464188A-E641-4B9F-B77D-34B32C8D7A16}.Release|Win32.ActiveCfg = Release|Win32
		{7464188A-E641-4B9F-B77D-34B32C8D7A16}.Release|Win32.Build.0 = Release|Win32
	EndGlobalSection
	GlobalSection(SolutionProperties) = preSolution
		HideSolutionNode = FALSE
	EndGlobalSection
EndGlobal
